
Microsoft Visual Studio Solution File, Format Version 12.00
# Visual Studio 15
VisualStudioVersion = 15.0.26430.12
MinimumVisualStudioVersion = 10.0.40219.1
Project("{FAE04EC0-301F-11D3-BF4B-00C04F79EFBC}") = "Nancy.Validation.FluentValidation.NET45.Tests", "test\Nancy.Validation.FluentValidation.NET45.Tests\Nancy.Validation.FluentValidation.NET45.Tests.csproj", "{FBC35268-377B-4DBE-87E3-B22D1314BEC6}"
EndProject
Project("{FAE04EC0-301F-11D3-BF4B-00C04F79EFBC}") = "Nancy.Validation.FluentValidation.NET45", "src\Nancy.Validation.FluentValidation.NET45\Nancy.Validation.FluentValidation.NET45.csproj", "{01230F2A-D108-480C-B834-8CE0569FD3B3}"
EndProject
Global
	GlobalSection(SolutionConfigurationPlatforms) = preSolution
		Debug|Any CPU = Debug|Any CPU
		MonoDebug|Any CPU = MonoDebug|Any CPU
		MonoRelease|Any CPU = MonoRelease|Any CPU
		Release|Any CPU = Release|Any CPU
	EndGlobalSection
	GlobalSection(ProjectConfigurationPlatforms) = postSolution
		{FBC35268-377B-4DBE-87E3-B22D1314BEC6}.Debug|Any CPU.ActiveCfg = Debug|Any CPU
		{FBC35268-377B-4DBE-87E3-B22D1314BEC6}.Debug|Any CPU.Build.0 = Debug|Any CPU
		{FBC35268-377B-4DBE-87E3-B22D1314BEC6}.MonoDebug|Any CPU.ActiveCfg = MonoDebug|Any CPU
		{FBC35268-377B-4DBE-87E3-B22D1314BEC6}.MonoDebug|Any CPU.Build.0 = MonoDebug|Any CPU
		{FBC35268-377B-4DBE-87E3-B22D1314BEC6}.MonoRelease|Any CPU.ActiveCfg = MonoRelease|Any CPU
		{FBC35268-377B-4DBE-87E3-B22D1314BEC6}.MonoRelease|Any CPU.Build.0 = MonoRelease|Any CPU
		{FBC35268-377B-4DBE-87E3-B22D1314BEC6}.Release|Any CPU.ActiveCfg = Release|Any CPU
		{FBC35268-377B-4DBE-87E3-B22D1314BEC6}.Release|Any CPU.Build.0 = Release|Any CPU
		{01230F2A-D108-480C-B834-8CE0569FD3B3}.Debug|Any CPU.ActiveCfg = Debug|Any CPU
		{01230F2A-D108-480C-B834-8CE0569FD3B3}.Debug|Any CPU.Build.0 = Debug|Any CPU
		{01230F2A-D108-480C-B834-8CE0569FD3B3}.MonoDebug|Any CPU.ActiveCfg = MonoDebug|Any CPU
		{01230F2A-D108-480C-B834-8CE0569FD3B3}.MonoDebug|Any CPU.Build.0 = MonoDebug|Any CPU
		{01230F2A-D108-480C-B834-8CE0569FD3B3}.MonoRelease|Any CPU.ActiveCfg = MonoRelease|Any CPU
		{01230F2A-D108-480C-B834-8CE0569FD3B3}.MonoRelease|Any CPU.Build.0 = MonoRelease|Any CPU
		{01230F2A-D108-480C-B834-8CE0569FD3B3}.Release|Any CPU.ActiveCfg = Release|Any CPU
		{01230F2A-D108-480C-B834-8CE0569FD3B3}.Release|Any CPU.Build.0 = Release|Any CPU
	EndGlobalSection
	GlobalSection(SolutionProperties) = preSolution
		HideSolutionNode = FALSE
	EndGlobalSection
EndGlobal
